// !$*UTF8*$!
{
	archiveVersion = 1;
	classes = {
	};
	objectVersion = 56;
	objects = {

/* Begin PBXBuildFile section */
		2C16BBD62BC6494000544703 /* AppDelegate.swift in Sources */ = {isa = PBXBuildFile; fileRef = 2C16BBD52BC6494000544703 /* AppDelegate.swift */; };
		2C16BBD82BC6494000544703 /* SceneDelegate.swift in Sources */ = {isa = PBXBuildFile; fileRef = 2C16BBD72BC6494000544703 /* SceneDelegate.swift */; };
		2C16BBDA2BC6494000544703 /* ViewController.swift in Sources */ = {isa = PBXBuildFile; fileRef = 2C16BBD92BC6494000544703 /* ViewController.swift */; };
		2C16BBDD2BC6494000544703 /* Main.storyboard in Resources */ = {isa = PBXBuildFile; fileRef = 2C16BBDB2BC6494000544703 /* Main.storyboard */; };
		2C16BBDF2BC6494100544703 /* Assets.xcassets in Resources */ = {isa = PBXBuildFile; fileRef = 2C16BBDE2BC6494100544703 /* Assets.xcassets */; };
		2C16BBE22BC6494100544703 /* LaunchScreen.storyboard in Resources */ = {isa = PBXBuildFile; fileRef = 2C16BBE02BC6494100544703 /* LaunchScreen.storyboard */; };
		2C16BBEB2BC64C2000544703 /* SnapKit in Frameworks */ = {isa = PBXBuildFile; productRef = 2C16BBEA2BC64C2000544703 /* SnapKit */; };
		2C16BBED2BC64E1F00544703 /* WelcomeViewController.swift in Sources */ = {isa = PBXBuildFile; fileRef = 2C16BBEC2BC64E1F00544703 /* WelcomeViewController.swift */; };
		2C1A46B42BDB8DE100396612 /* PosterModel.swift in Sources */ = {isa = PBXBuildFile; fileRef = 2C1A46B32BDB8DE100396612 /* PosterModel.swift */; };
		2C1A46B72BDB908900396612 /* Then in Frameworks */ = {isa = PBXBuildFile; productRef = 2C1A46B62BDB908900396612 /* Then */; };
		2C3A8C592BE4F400002B1CF7 /* LiveProgramModel.swift in Sources */ = {isa = PBXBuildFile; fileRef = 2C3A8C582BE4F400002B1CF7 /* LiveProgramModel.swift */; };
		2C3A8C5B2BE4F451002B1CF7 /* BaseballSlogan.swift in Sources */ = {isa = PBXBuildFile; fileRef = 2C3A8C5A2BE4F451002B1CF7 /* BaseballSlogan.swift */; };
		2C3A8C602BE4F5BB002B1CF7 /* BaseballCollectionViewCell.swift in Sources */ = {isa = PBXBuildFile; fileRef = 2C3A8C5F2BE4F5BB002B1CF7 /* BaseballCollectionViewCell.swift */; };
		2C3A8C622BE4F5C5002B1CF7 /* HeaderCollectionView.swift in Sources */ = {isa = PBXBuildFile; fileRef = 2C3A8C612BE4F5C5002B1CF7 /* HeaderCollectionView.swift */; };
		2C3A8C662BE4F5EB002B1CF7 /* PosterCollectionViewCell.swift in Sources */ = {isa = PBXBuildFile; fileRef = 2C3A8C652BE4F5EB002B1CF7 /* PosterCollectionViewCell.swift */; };
		2C3A8C682BE4F5FA002B1CF7 /* TabControllCollectionViewCell.swift in Sources */ = {isa = PBXBuildFile; fileRef = 2C3A8C672BE4F5FA002B1CF7 /* TabControllCollectionViewCell.swift */; };
		2C3A8C732BE4F997002B1CF7 /* Pretendard-Black.otf in Resources */ = {isa = PBXBuildFile; fileRef = 2C3A8C6A2BE4F72E002B1CF7 /* Pretendard-Black.otf */; };
		2C3A8C742BE4F997002B1CF7 /* Pretendard-Bold.otf in Resources */ = {isa = PBXBuildFile; fileRef = 2C3A8C6B2BE4F73E002B1CF7 /* Pretendard-Bold.otf */; };
		2C3A8C752BE4F997002B1CF7 /* Pretendard-ExtraBold.otf in Resources */ = {isa = PBXBuildFile; fileRef = 2C3A8C6C2BE4F74B002B1CF7 /* Pretendard-ExtraBold.otf */; };
		2C3A8C762BE4F997002B1CF7 /* Pretendard-ExtraLight.otf in Resources */ = {isa = PBXBuildFile; fileRef = 2C3A8C6D2BE4F74F002B1CF7 /* Pretendard-ExtraLight.otf */; };
		2C3A8C772BE4F997002B1CF7 /* Pretendard-Light.otf in Resources */ = {isa = PBXBuildFile; fileRef = 2C3A8C6E2BE4F754002B1CF7 /* Pretendard-Light.otf */; };
		2C3A8C782BE4F997002B1CF7 /* Pretendard-Regular.otf in Resources */ = {isa = PBXBuildFile; fileRef = 2C3A8C6F2BE4F75A002B1CF7 /* Pretendard-Regular.otf */; };
		2C3A8C792BE4F997002B1CF7 /* Pretendard-SemiBold.otf in Resources */ = {isa = PBXBuildFile; fileRef = 2C3A8C702BE4F75D002B1CF7 /* Pretendard-SemiBold.otf */; };
		2C3A8C7A2BE4F997002B1CF7 /* Pretendard-Thin.otf in Resources */ = {isa = PBXBuildFile; fileRef = 2C3A8C712BE4F761002B1CF7 /* Pretendard-Thin.otf */; };
		2C3A8C7B2BE4F997002B1CF7 /* Pretendard-Medium.otf in Resources */ = {isa = PBXBuildFile; fileRef = 2C3A8C722BE4F764002B1CF7 /* Pretendard-Medium.otf */; };
		2C3A8C7E2BE50898002B1CF7 /* UIFont+.swift in Sources */ = {isa = PBXBuildFile; fileRef = 2C3A8C7D2BE50898002B1CF7 /* UIFont+.swift */; };
		2C3A8C822BE50974002B1CF7 /* UIColor+.swift in Sources */ = {isa = PBXBuildFile; fileRef = 2C3A8C812BE50974002B1CF7 /* UIColor+.swift */; };
		2C3A8C842BE50A14002B1CF7 /* UIImage+.swift in Sources */ = {isa = PBXBuildFile; fileRef = 2C3A8C832BE50A14002B1CF7 /* UIImage+.swift */; };
		2C3A8C8B2BE50CF8002B1CF7 /* MainViewController.swift in Sources */ = {isa = PBXBuildFile; fileRef = 2C3A8C8A2BE50CF8002B1CF7 /* MainViewController.swift */; };
		2C3A8C8D2BE51327002B1CF7 /* UITextField+.swift in Sources */ = {isa = PBXBuildFile; fileRef = 2C3A8C8C2BE51327002B1CF7 /* UITextField+.swift */; };
		2C3A8C912BE517B1002B1CF7 /* LiveCollectionViewCell.swift in Sources */ = {isa = PBXBuildFile; fileRef = 2C3A8C902BE517B1002B1CF7 /* LiveCollectionViewCell.swift */; };
		2C5A14472BE9063600B8B5D6 /* NetworkManager.swift in Sources */ = {isa = PBXBuildFile; fileRef = 2C5A14462BE9063600B8B5D6 /* NetworkManager.swift */; };
/* End PBXBuildFile section */

/* Begin PBXFileReference section */
		2C16BBD22BC6494000544703 /* Week3_assignment.app */ = {isa = PBXFileReference; explicitFileType = wrapper.application; includeInIndex = 0; path = Week3_assignment.app; sourceTree = BUILT_PRODUCTS_DIR; };
		2C16BBD52BC6494000544703 /* AppDelegate.swift */ = {isa = PBXFileReference; lastKnownFileType = sourcecode.swift; path = AppDelegate.swift; sourceTree = "<group>"; };
		2C16BBD72BC6494000544703 /* SceneDelegate.swift */ = {isa = PBXFileReference; lastKnownFileType = sourcecode.swift; path = SceneDelegate.swift; sourceTree = "<group>"; };
		2C16BBD92BC6494000544703 /* ViewController.swift */ = {isa = PBXFileReference; lastKnownFileType = sourcecode.swift; path = ViewController.swift; sourceTree = "<group>"; };
		2C16BBDC2BC6494000544703 /* Base */ = {isa = PBXFileReference; lastKnownFileType = file.storyboard; name = Base; path = Base.lproj/Main.storyboard; sourceTree = "<group>"; };
		2C16BBDE2BC6494100544703 /* Assets.xcassets */ = {isa = PBXFileReference; lastKnownFileType = folder.assetcatalog; path = Assets.xcassets; sourceTree = "<group>"; };
		2C16BBE12BC6494100544703 /* Base */ = {isa = PBXFileReference; lastKnownFileType = file.storyboard; name = Base; path = Base.lproj/LaunchScreen.storyboard; sourceTree = "<group>"; };
		2C16BBE32BC6494100544703 /* Info.plist */ = {isa = PBXFileReference; lastKnownFileType = text.plist.xml; path = Info.plist; sourceTree = "<group>"; };
		2C16BBEC2BC64E1F00544703 /* WelcomeViewController.swift */ = {isa = PBXFileReference; lastKnownFileType = sourcecode.swift; path = WelcomeViewController.swift; sourceTree = "<group>"; };
		2C1A46B32BDB8DE100396612 /* PosterModel.swift */ = {isa = PBXFileReference; lastKnownFileType = sourcecode.swift; path = PosterModel.swift; sourceTree = "<group>"; };
		2C3A8C582BE4F400002B1CF7 /* LiveProgramModel.swift */ = {isa = PBXFileReference; lastKnownFileType = sourcecode.swift; path = LiveProgramModel.swift; sourceTree = "<group>"; };
		2C3A8C5A2BE4F451002B1CF7 /* BaseballSlogan.swift */ = {isa = PBXFileReference; lastKnownFileType = sourcecode.swift; path = BaseballSlogan.swift; sourceTree = "<group>"; };
		2C3A8C5F2BE4F5BB002B1CF7 /* BaseballCollectionViewCell.swift */ = {isa = PBXFileReference; lastKnownFileType = sourcecode.swift; path = BaseballCollectionViewCell.swift; sourceTree = "<group>"; };
		2C3A8C612BE4F5C5002B1CF7 /* HeaderCollectionView.swift */ = {isa = PBXFileReference; lastKnownFileType = sourcecode.swift; path = HeaderCollectionView.swift; sourceTree = "<group>"; };
		2C3A8C652BE4F5EB002B1CF7 /* PosterCollectionViewCell.swift */ = {isa = PBXFileReference; lastKnownFileType = sourcecode.swift; path = PosterCollectionViewCell.swift; sourceTree = "<group>"; };
		2C3A8C672BE4F5FA002B1CF7 /* TabControllCollectionViewCell.swift */ = {isa = PBXFileReference; lastKnownFileType = sourcecode.swift; path = TabControllCollectionViewCell.swift; sourceTree = "<group>"; };
		2C3A8C6A2BE4F72E002B1CF7 /* Pretendard-Black.otf */ = {isa = PBXFileReference; lastKnownFileType = file; path = "Pretendard-Black.otf"; sourceTree = "<group>"; };
		2C3A8C6B2BE4F73E002B1CF7 /* Pretendard-Bold.otf */ = {isa = PBXFileReference; lastKnownFileType = file; path = "Pretendard-Bold.otf"; sourceTree = "<group>"; };
		2C3A8C6C2BE4F74B002B1CF7 /* Pretendard-ExtraBold.otf */ = {isa = PBXFileReference; lastKnownFileType = file; path = "Pretendard-ExtraBold.otf"; sourceTree = "<group>"; };
		2C3A8C6D2BE4F74F002B1CF7 /* Pretendard-ExtraLight.otf */ = {isa = PBXFileReference; lastKnownFileType = file; path = "Pretendard-ExtraLight.otf"; sourceTree = "<group>"; };
		2C3A8C6E2BE4F754002B1CF7 /* Pretendard-Light.otf */ = {isa = PBXFileReference; lastKnownFileType = file; path = "Pretendard-Light.otf"; sourceTree = "<group>"; };
		2C3A8C6F2BE4F75A002B1CF7 /* Pretendard-Regular.otf */ = {isa = PBXFileReference; lastKnownFileType = file; path = "Pretendard-Regular.otf"; sourceTree = "<group>"; };
		2C3A8C702BE4F75D002B1CF7 /* Pretendard-SemiBold.otf */ = {isa = PBXFileReference; lastKnownFileType = file; path = "Pretendard-SemiBold.otf"; sourceTree = "<group>"; };
		2C3A8C712BE4F761002B1CF7 /* Pretendard-Thin.otf */ = {isa = PBXFileReference; lastKnownFileType = file; path = "Pretendard-Thin.otf"; sourceTree = "<group>"; };
		2C3A8C722BE4F764002B1CF7 /* Pretendard-Medium.otf */ = {isa = PBXFileReference; lastKnownFileType = file; path = "Pretendard-Medium.otf"; sourceTree = "<group>"; };
		2C3A8C7D2BE50898002B1CF7 /* UIFont+.swift */ = {isa = PBXFileReference; lastKnownFileType = sourcecode.swift; path = "UIFont+.swift"; sourceTree = "<group>"; };
		2C3A8C812BE50974002B1CF7 /* UIColor+.swift */ = {isa = PBXFileReference; lastKnownFileType = sourcecode.swift; path = "UIColor+.swift"; sourceTree = "<group>"; };
		2C3A8C832BE50A14002B1CF7 /* UIImage+.swift */ = {isa = PBXFileReference; lastKnownFileType = sourcecode.swift; path = "UIImage+.swift"; sourceTree = "<group>"; };
		2C3A8C8A2BE50CF8002B1CF7 /* MainViewController.swift */ = {isa = PBXFileReference; lastKnownFileType = sourcecode.swift; path = MainViewController.swift; sourceTree = "<group>"; };
		2C3A8C8C2BE51327002B1CF7 /* UITextField+.swift */ = {isa = PBXFileReference; lastKnownFileType = sourcecode.swift; path = "UITextField+.swift"; sourceTree = "<group>"; };
		2C3A8C902BE517B1002B1CF7 /* LiveCollectionViewCell.swift */ = {isa = PBXFileReference; lastKnownFileType = sourcecode.swift; path = LiveCollectionViewCell.swift; sourceTree = "<group>"; };
		2C5A14462BE9063600B8B5D6 /* NetworkManager.swift */ = {isa = PBXFileReference; lastKnownFileType = sourcecode.swift; path = NetworkManager.swift; sourceTree = "<group>"; };
/* End PBXFileReference section */

/* Begin PBXFrameworksBuildPhase section */
		2C16BBCF2BC6494000544703 /* Frameworks */ = {
			isa = PBXFrameworksBuildPhase;
			buildActionMask = 2147483647;
			files = (
				2C16BBEB2BC64C2000544703 /* SnapKit in Frameworks */,
				2C1A46B72BDB908900396612 /* Then in Frameworks */,
			);
			runOnlyForDeploymentPostprocessing = 0;
		};
/* End PBXFrameworksBuildPhase section */

/* Begin PBXGroup section */
		2C16BBC92BC6494000544703 = {
			isa = PBXGroup;
			children = (
				2C16BBD42BC6494000544703 /* Week2_assignment */,
				2C16BBD32BC6494000544703 /* Products */,
			);
			sourceTree = "<group>";
		};
		2C16BBD32BC6494000544703 /* Products */ = {
			isa = PBXGroup;
			children = (
				2C16BBD22BC6494000544703 /* Week3_assignment.app */,
			);
			name = Products;
			sourceTree = "<group>";
		};
		2C16BBD42BC6494000544703 /* Week2_assignment */ = {
			isa = PBXGroup;
			children = (
				2C3A8C7C2BE50887002B1CF7 /* Extensions */,
				2C3A8C692BE4F70A002B1CF7 /* Fonts */,
				2C25D65B2BE4C48C008C5D4F /* ContentCollectionView */,
				2C16BBD52BC6494000544703 /* AppDelegate.swift */,
				2C16BBD72BC6494000544703 /* SceneDelegate.swift */,
				2C16BBD92BC6494000544703 /* ViewController.swift */,
				2C16BBEC2BC64E1F00544703 /* WelcomeViewController.swift */,
				2C16BBDB2BC6494000544703 /* Main.storyboard */,
				2C16BBDE2BC6494100544703 /* Assets.xcassets */,
				2C16BBE02BC6494100544703 /* LaunchScreen.storyboard */,
				2C16BBE32BC6494100544703 /* Info.plist */,
			);
			path = Week2_assignment;
			sourceTree = "<group>";
		};
		2C25D65B2BE4C48C008C5D4F /* ContentCollectionView */ = {
			isa = PBXGroup;
			children = (
				2C3A8C872BE50CCE002B1CF7 /* ViewController */,
				2C3A8C5D2BE4F54B002B1CF7 /* Cell */,
				2C3A8C5C2BE4F53B002B1CF7 /* Model */,
				2C5A14462BE9063600B8B5D6 /* NetworkManager.swift */,
			);
			path = ContentCollectionView;
			sourceTree = "<group>";
		};
		2C3A8C5C2BE4F53B002B1CF7 /* Model */ = {
			isa = PBXGroup;
			children = (
				2C3A8C5A2BE4F451002B1CF7 /* BaseballSlogan.swift */,
				2C3A8C582BE4F400002B1CF7 /* LiveProgramModel.swift */,
				2C1A46B32BDB8DE100396612 /* PosterModel.swift */,
			);
			path = Model;
			sourceTree = "<group>";
		};
		2C3A8C5D2BE4F54B002B1CF7 /* Cell */ = {
			isa = PBXGroup;
			children = (
				2C3A8C5F2BE4F5BB002B1CF7 /* BaseballCollectionViewCell.swift */,
				2C3A8C612BE4F5C5002B1CF7 /* HeaderCollectionView.swift */,
				2C3A8C652BE4F5EB002B1CF7 /* PosterCollectionViewCell.swift */,
				2C3A8C672BE4F5FA002B1CF7 /* TabControllCollectionViewCell.swift */,
				2C3A8C902BE517B1002B1CF7 /* LiveCollectionViewCell.swift */,
			);
			path = Cell;
			sourceTree = "<group>";
		};
		2C3A8C692BE4F70A002B1CF7 /* Fonts */ = {
			isa = PBXGroup;
			children = (
				2C3A8C6A2BE4F72E002B1CF7 /* Pretendard-Black.otf */,
				2C3A8C6B2BE4F73E002B1CF7 /* Pretendard-Bold.otf */,
				2C3A8C6C2BE4F74B002B1CF7 /* Pretendard-ExtraBold.otf */,
				2C3A8C6D2BE4F74F002B1CF7 /* Pretendard-ExtraLight.otf */,
				2C3A8C6E2BE4F754002B1CF7 /* Pretendard-Light.otf */,
				2C3A8C6F2BE4F75A002B1CF7 /* Pretendard-Regular.otf */,
				2C3A8C702BE4F75D002B1CF7 /* Pretendard-SemiBold.otf */,
				2C3A8C712BE4F761002B1CF7 /* Pretendard-Thin.otf */,
				2C3A8C722BE4F764002B1CF7 /* Pretendard-Medium.otf */,
			);
			path = Fonts;
			sourceTree = "<group>";
		};
		2C3A8C7C2BE50887002B1CF7 /* Extensions */ = {
			isa = PBXGroup;
			children = (
				2C3A8C7D2BE50898002B1CF7 /* UIFont+.swift */,
				2C3A8C812BE50974002B1CF7 /* UIColor+.swift */,
				2C3A8C832BE50A14002B1CF7 /* UIImage+.swift */,
				2C3A8C8C2BE51327002B1CF7 /* UITextField+.swift */,
			);
			path = Extensions;
			sourceTree = "<group>";
		};
		2C3A8C872BE50CCE002B1CF7 /* ViewController */ = {
			isa = PBXGroup;
			children = (
				2C3A8C8A2BE50CF8002B1CF7 /* MainViewController.swift */,
			);
			path = ViewController;
			sourceTree = "<group>";
		};
/* End PBXGroup section */

/* Begin PBXNativeTarget section */
		2C16BBD12BC6494000544703 /* Week3_assignment */ = {
			isa = PBXNativeTarget;
			buildConfigurationList = 2C16BBE62BC6494100544703 /* Build configuration list for PBXNativeTarget "Week3_assignment" */;
			buildPhases = (
				2C16BBCE2BC6494000544703 /* Sources */,
				2C16BBCF2BC6494000544703 /* Frameworks */,
				2C16BBD02BC6494000544703 /* Resources */,
			);
			buildRules = (
			);
			dependencies = (
			);
			name = Week3_assignment;
			packageProductDependencies = (
				2C16BBEA2BC64C2000544703 /* SnapKit */,
				2C1A46B62BDB908900396612 /* Then */,
			);
			productName = Week2_assignment;
			productReference = 2C16BBD22BC6494000544703 /* Week3_assignment.app */;
			productType = "com.apple.product-type.application";
		};
/* End PBXNativeTarget section */

/* Begin PBXProject section */
		2C16BBCA2BC6494000544703 /* Project object */ = {
			isa = PBXProject;
			attributes = {
				BuildIndependentTargetsInParallel = 1;
				LastSwiftUpdateCheck = 1420;
				LastUpgradeCheck = 1420;
				TargetAttributes = {
					2C16BBD12BC6494000544703 = {
						CreatedOnToolsVersion = 14.2;
					};
				};
			};
			buildConfigurationList = 2C16BBCD2BC6494000544703 /* Build configuration list for PBXProject "Week4_assignment" */;
			compatibilityVersion = "Xcode 14.0";
			developmentRegion = en;
			hasScannedForEncodings = 0;
			knownRegions = (
				en,
				Base,
			);
			mainGroup = 2C16BBC92BC6494000544703;
			packageReferences = (
				2C16BBE92BC64C2000544703 /* XCRemoteSwiftPackageReference "SnapKit" */,
				2C1A46B52BDB908900396612 /* XCRemoteSwiftPackageReference "Then" */,
			);
			productRefGroup = 2C16BBD32BC6494000544703 /* Products */;
			projectDirPath = "";
			projectRoot = "";
			targets = (
				2C16BBD12BC6494000544703 /* Week3_assignment */,
			);
		};
/* End PBXProject section */

/* Begin PBXResourcesBuildPhase section */
		2C16BBD02BC6494000544703 /* Resources */ = {
			isa = PBXResourcesBuildPhase;
			buildActionMask = 2147483647;
			files = (
				2C3A8C732BE4F997002B1CF7 /* Pretendard-Black.otf in Resources */,
				2C3A8C742BE4F997002B1CF7 /* Pretendard-Bold.otf in Resources */,
				2C3A8C752BE4F997002B1CF7 /* Pretendard-ExtraBold.otf in Resources */,
				2C3A8C762BE4F997002B1CF7 /* Pretendard-ExtraLight.otf in Resources */,
				2C3A8C772BE4F997002B1CF7 /* Pretendard-Light.otf in Resources */,
				2C3A8C782BE4F997002B1CF7 /* Pretendard-Regular.otf in Resources */,
				2C3A8C792BE4F997002B1CF7 /* Pretendard-SemiBold.otf in Resources */,
				2C3A8C7A2BE4F997002B1CF7 /* Pretendard-Thin.otf in Resources */,
				2C3A8C7B2BE4F997002B1CF7 /* Pretendard-Medium.otf in Resources */,
				2C16BBE22BC6494100544703 /* LaunchScreen.storyboard in Resources */,
				2C16BBDF2BC6494100544703 /* Assets.xcassets in Resources */,
				2C16BBDD2BC6494000544703 /* Main.storyboard in Resources */,
			);
			runOnlyForDeploymentPostprocessing = 0;
		};
/* End PBXResourcesBuildPhase section */

/* Begin PBXSourcesBuildPhase section */
		2C16BBCE2BC6494000544703 /* Sources */ = {
			isa = PBXSourcesBuildPhase;
			buildActionMask = 2147483647;
			files = (
				2C5A14472BE9063600B8B5D6 /* NetworkManager.swift in Sources */,
				2C16BBDA2BC6494000544703 /* ViewController.swift in Sources */,
				2C3A8C822BE50974002B1CF7 /* UIColor+.swift in Sources */,
				2C16BBED2BC64E1F00544703 /* WelcomeViewController.swift in Sources */,
				2C3A8C842BE50A14002B1CF7 /* UIImage+.swift in Sources */,
				2C3A8C592BE4F400002B1CF7 /* LiveProgramModel.swift in Sources */,
				2C3A8C662BE4F5EB002B1CF7 /* PosterCollectionViewCell.swift in Sources */,
				2C16BBD62BC6494000544703 /* AppDelegate.swift in Sources */,
				2C3A8C7E2BE50898002B1CF7 /* UIFont+.swift in Sources */,
				2C3A8C5B2BE4F451002B1CF7 /* BaseballSlogan.swift in Sources */,
				2C3A8C602BE4F5BB002B1CF7 /* BaseballCollectionViewCell.swift in Sources */,
				2C3A8C682BE4F5FA002B1CF7 /* TabControllCollectionViewCell.swift in Sources */,
				2C3A8C622BE4F5C5002B1CF7 /* HeaderCollectionView.swift in Sources */,
				2C3A8C8B2BE50CF8002B1CF7 /* MainViewController.swift in Sources */,
				2C3A8C8D2BE51327002B1CF7 /* UITextField+.swift in Sources */,
				2C16BBD82BC6494000544703 /* SceneDelegate.swift in Sources */,
				2C1A46B42BDB8DE100396612 /* PosterModel.swift in Sources */,
				2C3A8C912BE517B1002B1CF7 /* LiveCollectionViewCell.swift in Sources */,
			);
			runOnlyForDeploymentPostprocessing = 0;
		};
/* End PBXSourcesBuildPhase section */

/* Begin PBXVariantGroup section */
		2C16BBDB2BC6494000544703 /* Main.storyboard */ = {
			isa = PBXVariantGroup;
			children = (
				2C16BBDC2BC6494000544703 /* Base */,
			);
			name = Main.storyboard;
			sourceTree = "<group>";
		};
		2C16BBE02BC6494100544703 /* LaunchScreen.storyboard */ = {
			isa = PBXVariantGroup;
			children = (
				2C16BBE12BC6494100544703 /* Base */,
			);
			name = LaunchScreen.storyboard;
			sourceTree = "<group>";
		};
/* End PBXVariantGroup section */

/* Begin XCBuildConfiguration section */
		2C16BBE42BC6494100544703 /* Debug */ = {
			isa = XCBuildConfiguration;
			buildSettings = {
				ALWAYS_SEARCH_USER_PATHS = NO;
				CLANG_ANALYZER_NONNULL = YES;
				CLANG_ANALYZER_NUMBER_OBJECT_CONVERSION = YES_AGGRESSIVE;
				CLANG_CXX_LANGUAGE_STANDARD = "gnu++20";
				CLANG_ENABLE_MODULES = YES;
				CLANG_ENABLE_OBJC_ARC = YES;
				CLANG_ENABLE_OBJC_WEAK = YES;
				CLANG_WARN_BLOCK_CAPTURE_AUTORELEASING = YES;
				CLANG_WARN_BOOL_CONVERSION = YES;
				CLANG_WARN_COMMA = YES;
				CLANG_WARN_CONSTANT_CONVERSION = YES;
				CLANG_WARN_DEPRECATED_OBJC_IMPLEMENTATIONS = YES;
				CLANG_WARN_DIRECT_OBJC_ISA_USAGE = YES_ERROR;
				CLANG_WARN_DOCUMENTATION_COMMENTS = YES;
				CLANG_WARN_EMPTY_BODY = YES;
				CLANG_WARN_ENUM_CONVERSION = YES;
				CLANG_WARN_INFINITE_RECURSION = YES;
				CLANG_WARN_INT_CONVERSION = YES;
				CLANG_WARN_NON_LITERAL_NULL_CONVERSION = YES;
				CLANG_WARN_OBJC_IMPLICIT_RETAIN_SELF = YES;
				CLANG_WARN_OBJC_LITERAL_CONVERSION = YES;
				CLANG_WARN_OBJC_ROOT_CLASS = YES_ERROR;
				CLANG_WARN_QUOTED_INCLUDE_IN_FRAMEWORK_HEADER = YES;
				CLANG_WARN_RANGE_LOOP_ANALYSIS = YES;
				CLANG_WARN_STRICT_PROTOTYPES = YES;
				CLANG_WARN_SUSPICIOUS_MOVE = YES;
				CLANG_WARN_UNGUARDED_AVAILABILITY = YES_AGGRESSIVE;
				CLANG_WARN_UNREACHABLE_CODE = YES;
				CLANG_WARN__DUPLICATE_METHOD_MATCH = YES;
				COPY_PHASE_STRIP = NO;
				DEBUG_INFORMATION_FORMAT = dwarf;
				ENABLE_STRICT_OBJC_MSGSEND = YES;
				ENABLE_TESTABILITY = YES;
				GCC_C_LANGUAGE_STANDARD = gnu11;
				GCC_DYNAMIC_NO_PIC = NO;
				GCC_NO_COMMON_BLOCKS = YES;
				GCC_OPTIMIZATION_LEVEL = 0;
				GCC_PREPROCESSOR_DEFINITIONS = (
					"DEBUG=1",
					"$(inherited)",
				);
				GCC_WARN_64_TO_32_BIT_CONVERSION = YES;
				GCC_WARN_ABOUT_RETURN_TYPE = YES_ERROR;
				GCC_WARN_UNDECLARED_SELECTOR = YES;
				GCC_WARN_UNINITIALIZED_AUTOS = YES_AGGRESSIVE;
				GCC_WARN_UNUSED_FUNCTION = YES;
				GCC_WARN_UNUSED_VARIABLE = YES;
				IPHONEOS_DEPLOYMENT_TARGET = 16.2;
				MTL_ENABLE_DEBUG_INFO = INCLUDE_SOURCE;
				MTL_FAST_MATH = YES;
				ONLY_ACTIVE_ARCH = YES;
				SDKROOT = iphoneos;
				SWIFT_ACTIVE_COMPILATION_CONDITIONS = DEBUG;
				SWIFT_OPTIMIZATION_LEVEL = "-Onone";
			};
			name = Debug;
		};
		2C16BBE52BC6494100544703 /* Release */ = {
			isa = XCBuildConfiguration;
			buildSettings = {
				ALWAYS_SEARCH_USER_PATHS = NO;
				CLANG_ANALYZER_NONNULL = YES;
				CLANG_ANALYZER_NUMBER_OBJECT_CONVERSION = YES_AGGRESSIVE;
				CLANG_CXX_LANGUAGE_STANDARD = "gnu++20";
				CLANG_ENABLE_MODULES = YES;
				CLANG_ENABLE_OBJC_ARC = YES;
				CLANG_ENABLE_OBJC_WEAK = YES;
				CLANG_WARN_BLOCK_CAPTURE_AUTORELEASING = YES;
				CLANG_WARN_BOOL_CONVERSION = YES;
				CLANG_WARN_COMMA = YES;
				CLANG_WARN_CONSTANT_CONVERSION = YES;
				CLANG_WARN_DEPRECATED_OBJC_IMPLEMENTATIONS = YES;
				CLANG_WARN_DIRECT_OBJC_ISA_USAGE = YES_ERROR;
				CLANG_WARN_DOCUMENTATION_COMMENTS = YES;
				CLANG_WARN_EMPTY_BODY = YES;
				CLANG_WARN_ENUM_CONVERSION = YES;
				CLANG_WARN_INFINITE_RECURSION = YES;
				CLANG_WARN_INT_CONVERSION = YES;
				CLANG_WARN_NON_LITERAL_NULL_CONVERSION = YES;
				CLANG_WARN_OBJC_IMPLICIT_RETAIN_SELF = YES;
				CLANG_WARN_OBJC_LITERAL_CONVERSION = YES;
				CLANG_WARN_OBJC_ROOT_CLASS = YES_ERROR;
				CLANG_WARN_QUOTED_INCLUDE_IN_FRAMEWORK_HEADER = YES;
				CLANG_WARN_RANGE_LOOP_ANALYSIS = YES;
				CLANG_WARN_STRICT_PROTOTYPES = YES;
				CLANG_WARN_SUSPICIOUS_MOVE = YES;
				CLANG_WARN_UNGUARDED_AVAILABILITY = YES_AGGRESSIVE;
				CLANG_WARN_UNREACHABLE_CODE = YES;
				CLANG_WARN__DUPLICATE_METHOD_MATCH = YES;
				COPY_PHASE_STRIP = NO;
				DEBUG_INFORMATION_FORMAT = "dwarf-with-dsym";
				ENABLE_NS_ASSERTIONS = NO;
				ENABLE_STRICT_OBJC_MSGSEND = YES;
				GCC_C_LANGUAGE_STANDARD = gnu11;
				GCC_NO_COMMON_BLOCKS = YES;
				GCC_WARN_64_TO_32_BIT_CONVERSION = YES;
				GCC_WARN_ABOUT_RETURN_TYPE = YES_ERROR;
				GCC_WARN_UNDECLARED_SELECTOR = YES;
				GCC_WARN_UNINITIALIZED_AUTOS = YES_AGGRESSIVE;
				GCC_WARN_UNUSED_FUNCTION = YES;
				GCC_WARN_UNUSED_VARIABLE = YES;
				IPHONEOS_DEPLOYMENT_TARGET = 16.2;
				MTL_ENABLE_DEBUG_INFO = NO;
				MTL_FAST_MATH = YES;
				SDKROOT = iphoneos;
				SWIFT_COMPILATION_MODE = wholemodule;
				SWIFT_OPTIMIZATION_LEVEL = "-O";
				VALIDATE_PRODUCT = YES;
			};
			name = Release;
		};
		2C16BBE72BC6494100544703 /* Debug */ = {
			isa = XCBuildConfiguration;
			buildSettings = {
				ASSETCATALOG_COMPILER_APPICON_NAME = AppIcon;
				ASSETCATALOG_COMPILER_GLOBAL_ACCENT_COLOR_NAME = AccentColor;
				CODE_SIGN_STYLE = Automatic;
				CURRENT_PROJECT_VERSION = 1;
				DEVELOPMENT_TEAM = MQ4ZG67BX3;
				GENERATE_INFOPLIST_FILE = YES;
				INFOPLIST_FILE = Week2_assignment/Info.plist;
				INFOPLIST_KEY_UIApplicationSupportsIndirectInputEvents = YES;
				INFOPLIST_KEY_UILaunchStoryboardName = LaunchScreen;
				INFOPLIST_KEY_UIMainStoryboardFile = Main;
				INFOPLIST_KEY_UISupportedInterfaceOrientations_iPad = "UIInterfaceOrientationPortrait UIInterfaceOrientationPortraitUpsideDown UIInterfaceOrientationLandscapeLeft UIInterfaceOrientationLandscapeRight";
				INFOPLIST_KEY_UISupportedInterfaceOrientations_iPhone = "UIInterfaceOrientationPortrait UIInterfaceOrientationLandscapeLeft UIInterfaceOrientationLandscapeRight";
				LD_RUNPATH_SEARCH_PATHS = (
					"$(inherited)",
					"@executable_path/Frameworks",
				);
				MARKETING_VERSION = 1.0;
				PRODUCT_BUNDLE_IDENTIFIER = "com.osy.Week2-assignment";
				PRODUCT_NAME = "$(TARGET_NAME)";
				SWIFT_EMIT_LOC_STRINGS = YES;
				SWIFT_VERSION = 5.0;
				TARGETED_DEVICE_FAMILY = "1,2";
			};
			name = Debug;
		};
		2C16BBE82BC6494100544703 /* Release */ = {
			isa = XCBuildConfiguration;
			buildSettings = {
				ASSETCATALOG_COMPILER_APPICON_NAME = AppIcon;
				ASSETCATALOG_COMPILER_GLOBAL_ACCENT_COLOR_NAME = AccentColor;
				CODE_SIGN_STYLE = Automatic;
				CURRENT_PROJECT_VERSION = 1;
				DEVELOPMENT_TEAM = MQ4ZG67BX3;
				GENERATE_INFOPLIST_FILE = YES;
				INFOPLIST_FILE = Week2_assignment/Info.plist;
				INFOPLIST_KEY_UIApplicationSupportsIndirectInputEvents = YES;
				INFOPLIST_KEY_UILaunchStoryboardName = LaunchScreen;
				INFOPLIST_KEY_UIMainStoryboardFile = Main;
				INFOPLIST_KEY_UISupportedInterfaceOrientations_iPad = "UIInterfaceOrientationPortrait UIInterfaceOrientationPortraitUpsideDown UIInterfaceOrientationLandscapeLeft UIInterfaceOrientationLandscapeRight";
				INFOPLIST_KEY_UISupportedInterfaceOrientations_iPhone = "UIInterfaceOrientationPortrait UIInterfaceOrientationLandscapeLeft UIInterfaceOrientationLandscapeRight";
				LD_RUNPATH_SEARCH_PATHS = (
					"$(inherited)",
					"@executable_path/Frameworks",
				);
				MARKETING_VERSION = 1.0;
				PRODUCT_BUNDLE_IDENTIFIER = "com.osy.Week2-assignment";
				PRODUCT_NAME = "$(TARGET_NAME)";
				SWIFT_EMIT_LOC_STRINGS = YES;
				SWIFT_VERSION = 5.0;
				TARGETED_DEVICE_FAMILY = "1,2";
			};
			name = Release;
		};
/* End XCBuildConfiguration section */

/* Begin XCConfigurationList section */
		2C16BBCD2BC6494000544703 /* Build configuration list for PBXProject "Week4_assignment" */ = {
			isa = XCConfigurationList;
			buildConfigurations = (
				2C16BBE42BC6494100544703 /* Debug */,
				2C16BBE52BC6494100544703 /* Release */,
			);
			defaultConfigurationIsVisible = 0;
			defaultConfigurationName = Release;
		};
		2C16BBE62BC6494100544703 /* Build configuration list for PBXNativeTarget "Week3_assignment" */ = {
			isa = XCConfigurationList;
			buildConfigurations = (
				2C16BBE72BC6494100544703 /* Debug */,
				2C16BBE82BC6494100544703 /* Release */,
			);
			defaultConfigurationIsVisible = 0;
			defaultConfigurationName = Release;
		};
/* End XCConfigurationList section */

/* Begin XCRemoteSwiftPackageReference section */
		2C16BBE92BC64C2000544703 /* XCRemoteSwiftPackageReference "SnapKit" */ = {
			isa = XCRemoteSwiftPackageReference;
			repositoryURL = "https://github.com/SnapKit/SnapKit";
			requirement = {
				kind = upToNextMajorVersion;
				minimumVersion = 5.0.0;
			};
		};
		2C1A46B52BDB908900396612 /* XCRemoteSwiftPackageReference "Then" */ = {
			isa = XCRemoteSwiftPackageReference;
			repositoryURL = "https://github.com/devxoul/Then";
			requirement = {
				kind = upToNextMajorVersion;
				minimumVersion = 3.0.0;
			};
		};
/* End XCRemoteSwiftPackageReference section */

/* Begin XCSwiftPackageProductDependency section */
		2C16BBEA2BC64C2000544703 /* SnapKit */ = {
			isa = XCSwiftPackageProductDependency;
			package = 2C16BBE92BC64C2000544703 /* XCRemoteSwiftPackageReference "SnapKit" */;
			productName = SnapKit;
		};
		2C1A46B62BDB908900396612 /* Then */ = {
			isa = XCSwiftPackageProductDependency;
			package = 2C1A46B52BDB908900396612 /* XCRemoteSwiftPackageReference "Then" */;
			productName = Then;
		};
/* End XCSwiftPackageProductDependency section */
	};
	rootObject = 2C16BBCA2BC6494000544703 /* Project object */;
}
